
Microsoft Visual Studio Solution File, Format Version 12.00
# Visual Studio Version 17
VisualStudioVersion = 17.7.34202.233
MinimumVisualStudioVersion = 10.0.40219.1
Project("{FAE04EC0-301F-11D3-BF4B-00C04F79EFBC}") = "MyNumsWeb", "MyNumsWeb\MyNumsWeb.csproj", "{5D2D36FE-4BAA-45B3-962E-B870AD25D1F6}"
EndProject
Project("{FAE04EC0-301F-11D3-BF4B-00C04F79EFBC}") = "MyNumsConsole", "MyNumsConsole\MyNumsConsole.csproj", "{91121952-242B-4471-884D-5660EA4088CA}"
EndProject
Global
	GlobalSection(SolutionConfigurationPlatforms) = preSolution
		Debug|Any CPU = Debug|Any CPU
		Release|Any CPU = Release|Any CPU
	EndGlobalSection
	GlobalSection(ProjectConfigurationPlatforms) = postSolution
		{5D2D36FE-4BAA-45B3-962E-B870AD25D1F6}.Debug|Any CPU.ActiveCfg = Debug|Any CPU
		{5D2D36FE-4BAA-45B3-962E-B870AD25D1F6}.Debug|Any CPU.Build.0 = Debug|Any CPU
		{5D2D36FE-4BAA-45B3-962E-B870AD25D1F6}.Release|Any CPU.ActiveCfg = Release|Any CPU
		{5D2D36FE-4BAA-45B3-962E-B870AD25D1F6}.Release|Any CPU.Build.0 = Release|Any CPU
		{91121952-242B-4471-884D-5660EA4088CA}.Debug|Any CPU.ActiveCfg = Debug|Any CPU
		{91121952-242B-4471-884D-5660EA4088CA}.Debug|Any CPU.Build.0 = Debug|Any CPU
		{91121952-242B-4471-884D-5660EA4088CA}.Release|Any CPU.ActiveCfg = Release|Any CPU
		{91121952-242B-4471-884D-5660EA4088CA}.Release|Any CPU.Build.0 = Release|Any CPU
	EndGlobalSection
	GlobalSection(SolutionProperties) = preSolution
		HideSolutionNode = FALSE
	EndGlobalSection
	GlobalSection(ExtensibilityGlobals) = postSolution
		SolutionGuid = {DF3761D4-EEC2-4F8A-A0DF-4F5A24C96E71}
	EndGlobalSection
EndGlobal
